// !$*UTF8*$!
{
	archiveVersion = 1;
	classes = {
	};
	objectVersion = 46;
	objects = {

/* Begin PBXBuildFile section */
		F0385AAE1F5943500053F2F7 /* main.m in Sources */ = {isa = PBXBuildFile; fileRef = F0385AAD1F5943500053F2F7 /* main.m */; };
		F0385AB11F5943500053F2F7 /* AppDelegate.m in Sources */ = {isa = PBXBuildFile; fileRef = F0385AB01F5943500053F2F7 /* AppDelegate.m */; };
		F0385AB41F5943500053F2F7 /* ViewController.m in Sources */ = {isa = PBXBuildFile; fileRef = F0385AB31F5943500053F2F7 /* ViewController.m */; };
		F0385AB71F5943500053F2F7 /* Main.storyboard in Resources */ = {isa = PBXBuildFile; fileRef = F0385AB51F5943500053F2F7 /* Main.storyboard */; };
		F0385AB91F5943500053F2F7 /* Assets.xcassets in Resources */ = {isa = PBXBuildFile; fileRef = F0385AB81F5943500053F2F7 /* Assets.xcassets */; };
		F0385ABC1F5943500053F2F7 /* LaunchScreen.storyboard in Resources */ = {isa = PBXBuildFile; fileRef = F0385ABA1F5943500053F2F7 /* LaunchScreen.storyboard */; };
		F0385AC71F5943500053F2F7 /* _______Tests.m in Sources */ = {isa = PBXBuildFile; fileRef = F0385AC61F5943500053F2F7 /* _______Tests.m */; };
		F0385AD21F5943500053F2F7 /* _______UITests.m in Sources */ = {isa = PBXBuildFile; fileRef = F0385AD11F5943500053F2F7 /* _______UITests.m */; };
		F0385AE11F5943D30053F2F7 /* VCFirst.m in Sources */ = {isa = PBXBuildFile; fileRef = F0385AE01F5943D30053F2F7 /* VCFirst.m */; };
		F0385AE41F5943ED0053F2F7 /* VCSecond.m in Sources */ = {isa = PBXBuildFile; fileRef = F0385AE31F5943ED0053F2F7 /* VCSecond.m */; };
		F0385AF11F5944D00053F2F7 /* 1.jpg in Resources */ = {isa = PBXBuildFile; fileRef = F0385AE61F5944D00053F2F7 /* 1.jpg */; };
		F0385AF21F5944D00053F2F7 /* 10.jpg in Resources */ = {isa = PBXBuildFile; fileRef = F0385AE71F5944D00053F2F7 /* 10.jpg */; };
		F0385AF31F5944D00053F2F7 /* 11.jpeg in Resources */ = {isa = PBXBuildFile; fileRef = F0385AE81F5944D00053F2F7 /* 11.jpeg */; };
		F0385AF41F5944D00053F2F7 /* 2.jpg in Resources */ = {isa = PBXBuildFile; fileRef = F0385AE91F5944D00053F2F7 /* 2.jpg */; };
		F0385AF51F5944D00053F2F7 /* 3.jpg in Resources */ = {isa = PBXBuildFile; fileRef = F0385AEA1F5944D00053F2F7 /* 3.jpg */; };
		F0385AF61F5944D00053F2F7 /* 4.jpg in Resources */ = {isa = PBXBuildFile; fileRef = F0385AEB1F5944D00053F2F7 /* 4.jpg */; };
		F0385AF71F5944D00053F2F7 /* 5.jpg in Resources */ = {isa = PBXBuildFile; fileRef = F0385AEC1F5944D00053F2F7 /* 5.jpg */; };
		F0385AF81F5944D00053F2F7 /* 6.jpg in Resources */ = {isa = PBXBuildFile; fileRef = F0385AED1F5944D00053F2F7 /* 6.jpg */; };
		F0385AF91F5944D00053F2F7 /* 7.jpg in Resources */ = {isa = PBXBuildFile; fileRef = F0385AEE1F5944D00053F2F7 /* 7.jpg */; };
		F0385AFA1F5944D00053F2F7 /* 8.jpg in Resources */ = {isa = PBXBuildFile; fileRef = F0385AEF1F5944D00053F2F7 /* 8.jpg */; };
		F0385AFB1F5944D00053F2F7 /* 9.jpg in Resources */ = {isa = PBXBuildFile; fileRef = F0385AF01F5944D00053F2F7 /* 9.jpg */; };
/* End PBXBuildFile section */

/* Begin PBXContainerItemProxy section */
		F0385AC31F5943500053F2F7 /* PBXContainerItemProxy */ = {
			isa = PBXContainerItemProxy;
			containerPortal = F0385AA11F5943500053F2F7 /* Project object */;
			proxyType = 1;
			remoteGlobalIDString = F0385AA81F5943500053F2F7;
			remoteInfo = "导航控制器动画";
		};
		F0385ACE1F5943500053F2F7 /* PBXContainerItemProxy */ = {
			isa = PBXContainerItemProxy;
			containerPortal = F0385AA11F5943500053F2F7 /* Project object */;
			proxyType = 1;
			remoteGlobalIDString = F0385AA81F5943500053F2F7;
			remoteInfo = "导航控制器动画";
		};
/* End PBXContainerItemProxy section */

/* Begin PBXFileReference section */
		F0385AA91F5943500053F2F7 /* 导航控制器动画.app */ = {isa = PBXFileReference; explicitFileType = wrapper.application; includeInIndex = 0; path = "导航控制器动画.app"; sourceTree = BUILT_PRODUCTS_DIR; };
		F0385AAD1F5943500053F2F7 /* main.m */ = {isa = PBXFileReference; lastKnownFileType = sourcecode.c.objc; path = main.m; sourceTree = "<group>"; };
		F0385AAF1F5943500053F2F7 /* AppDelegate.h */ = {isa = PBXFileReference; lastKnownFileType = sourcecode.c.h; path = AppDelegate.h; sourceTree = "<group>"; };
		F0385AB01F5943500053F2F7 /* AppDelegate.m */ = {isa = PBXFileReference; lastKnownFileType = sourcecode.c.objc; path = AppDelegate.m; sourceTree = "<group>"; };
		F0385AB21F5943500053F2F7 /* ViewController.h */ = {isa = PBXFileReference; lastKnownFileType = sourcecode.c.h; path = ViewController.h; sourceTree = "<group>"; };
		F0385AB31F5943500053F2F7 /* ViewController.m */ = {isa = PBXFileReference; lastKnownFileType = sourcecode.c.objc; path = ViewController.m; sourceTree = "<group>"; };
		F0385AB61F5943500053F2F7 /* Base */ = {isa = PBXFileReference; lastKnownFileType = file.storyboard; name = Base; path = Base.lproj/Main.storyboard; sourceTree = "<group>"; };
		F0385AB81F5943500053F2F7 /* Assets.xcassets */ = {isa = PBXFileReference; lastKnownFileType = folder.assetcatalog; path = Assets.xcassets; sourceTree = "<group>"; };
		F0385ABB1F5943500053F2F7 /* Base */ = {isa = PBXFileReference; lastKnownFileType = file.storyboard; name = Base; path = Base.lproj/LaunchScreen.storyboard; sourceTree = "<group>"; };
		F0385ABD1F5943500053F2F7 /* Info.plist */ = {isa = PBXFileReference; lastKnownFileType = text.plist.xml; path = Info.plist; sourceTree = "<group>"; };
		F0385AC21F5943500053F2F7 /* 导航控制器动画Tests.xctest */ = {isa = PBXFileReference; explicitFileType = wrapper.cfbundle; includeInIndex = 0; path = "导航控制器动画Tests.xctest"; sourceTree = BUILT_PRODUCTS_DIR; };
		F0385AC61F5943500053F2F7 /* _______Tests.m */ = {isa = PBXFileReference; lastKnownFileType = sourcecode.c.objc; path = "_______Tests.m"; sourceTree = "<group>"; };
		F0385AC81F5943500053F2F7 /* Info.plist */ = {isa = PBXFileReference; lastKnownFileType = text.plist.xml; path = Info.plist; sourceTree = "<group>"; };
		F0385ACD1F5943500053F2F7 /* 导航控制器动画UITests.xctest */ = {isa = PBXFileReference; explicitFileType = wrapper.cfbundle; includeInIndex = 0; path = "导航控制器动画UITests.xctest"; sourceTree = BUILT_PRODUCTS_DIR; };
		F0385AD11F5943500053F2F7 /* _______UITests.m */ = {isa = PBXFileReference; lastKnownFileType = sourcecode.c.objc; path = "_______UITests.m"; sourceTree = "<group>"; };
		F0385AD31F5943500053F2F7 /* Info.plist */ = {isa = PBXFileReference; lastKnownFileType = text.plist.xml; path = Info.plist; sourceTree = "<group>"; };
		F0385ADF1F5943D30053F2F7 /* VCFirst.h */ = {isa = PBXFileReference; fileEncoding = 4; lastKnownFileType = sourcecode.c.h; path = VCFirst.h; sourceTree = "<group>"; };
		F0385AE01F5943D30053F2F7 /* VCFirst.m */ = {isa = PBXFileReference; fileEncoding = 4; lastKnownFileType = sourcecode.c.objc; path = VCFirst.m; sourceTree = "<group>"; };
		F0385AE21F5943ED0053F2F7 /* VCSecond.h */ = {isa = PBXFileReference; fileEncoding = 4; lastKnownFileType = sourcecode.c.h; path = VCSecond.h; sourceTree = "<group>"; };
		F0385AE31F5943ED0053F2F7 /* VCSecond.m */ = {isa = PBXFileReference; fileEncoding = 4; lastKnownFileType = sourcecode.c.objc; path = VCSecond.m; sourceTree = "<group>"; };
		F0385AE61F5944D00053F2F7 /* 1.jpg */ = {isa = PBXFileReference; lastKnownFileType = image.jpeg; path = 1.jpg; sourceTree = "<group>"; };
		F0385AE71F5944D00053F2F7 /* 10.jpg */ = {isa = PBXFileReference; lastKnownFileType = image.jpeg; path = 10.jpg; sourceTree = "<group>"; };
		F0385AE81F5944D00053F2F7 /* 11.jpeg */ = {isa = PBXFileReference; lastKnownFileType = image.jpeg; path = 11.jpeg; sourceTree = "<group>"; };
		F0385AE91F5944D00053F2F7 /* 2.jpg */ = {isa = PBXFileReference; lastKnownFileType = image.jpeg; path = 2.jpg; sourceTree = "<group>"; };
		F0385AEA1F5944D00053F2F7 /* 3.jpg */ = {isa = PBXFileReference; lastKnownFileType = image.jpeg; path = 3.jpg; sourceTree = "<group>"; };
		F0385AEB1F5944D00053F2F7 /* 4.jpg */ = {isa = PBXFileReference; lastKnownFileType = image.jpeg; path = 4.jpg; sourceTree = "<group>"; };
		F0385AEC1F5944D00053F2F7 /* 5.jpg */ = {isa = PBXFileReference; lastKnownFileType = image.jpeg; path = 5.jpg; sourceTree = "<group>"; };
		F0385AED1F5944D00053F2F7 /* 6.jpg */ = {isa = PBXFileReference; lastKnownFileType = image.jpeg; path = 6.jpg; sourceTree = "<group>"; };
		F0385AEE1F5944D00053F2F7 /* 7.jpg */ = {isa = PBXFileReference; lastKnownFileType = image.jpeg; path = 7.jpg; sourceTree = "<group>"; };
		F0385AEF1F5944D00053F2F7 /* 8.jpg */ = {isa = PBXFileReference; lastKnownFileType = image.jpeg; path = 8.jpg; sourceTree = "<group>"; };
		F0385AF01F5944D00053F2F7 /* 9.jpg */ = {isa = PBXFileReference; lastKnownFileType = image.jpeg; path = 9.jpg; sourceTree = "<group>"; };
/* End PBXFileReference section */

/* Begin PBXFrameworksBuildPhase section */
		F0385AA61F5943500053F2F7 /* Frameworks */ = {
			isa = PBXFrameworksBuildPhase;
			buildActionMask = 2147483647;
			files = (
			);
			runOnlyForDeploymentPostprocessing = 0;
		};
		F0385ABF1F5943500053F2F7 /* Frameworks */ = {
			isa = PBXFrameworksBuildPhase;
			buildActionMask = 2147483647;
			files = (
			);
			runOnlyForDeploymentPostprocessing = 0;
		};
		F0385ACA1F5943500053F2F7 /* Frameworks */ = {
			isa = PBXFrameworksBuildPhase;
			buildActionMask = 2147483647;
			files = (
			);
			runOnlyForDeploymentPostprocessing = 0;
		};
/* End PBXFrameworksBuildPhase section */

/* Begin PBXGroup section */
		F0385AA01F5943500053F2F7 = {
			isa = PBXGroup;
			children = (
				F0385AE51F5944D00053F2F7 /* image */,
				F0385AAB1F5943500053F2F7 /* 导航控制器动画 */,
				F0385AC51F5943500053F2F7 /* 导航控制器动画Tests */,
				F0385AD01F5943500053F2F7 /* 导航控制器动画UITests */,
				F0385AAA1F5943500053F2F7 /* Products */,
			);
			sourceTree = "<group>";
		};
		F0385AAA1F5943500053F2F7 /* Products */ = {
			isa = PBXGroup;
			children = (
				F0385AA91F5943500053F2F7 /* 导航控制器动画.app */,
				F0385AC21F5943500053F2F7 /* 导航控制器动画Tests.xctest */,
				F0385ACD1F5943500053F2F7 /* 导航控制器动画UITests.xctest */,
			);
			name = Products;
			sourceTree = "<group>";
		};
		F0385AAB1F5943500053F2F7 /* 导航控制器动画 */ = {
			isa = PBXGroup;
			children = (
				F0385AAF1F5943500053F2F7 /* AppDelegate.h */,
				F0385AB01F5943500053F2F7 /* AppDelegate.m */,
				F0385AB21F5943500053F2F7 /* ViewController.h */,
				F0385AB31F5943500053F2F7 /* ViewController.m */,
				F0385ADF1F5943D30053F2F7 /* VCFirst.h */,
				F0385AE01F5943D30053F2F7 /* VCFirst.m */,
				F0385AE21F5943ED0053F2F7 /* VCSecond.h */,
				F0385AE31F5943ED0053F2F7 /* VCSecond.m */,
				F0385AB51F5943500053F2F7 /* Main.storyboard */,
				F0385AB81F5943500053F2F7 /* Assets.xcassets */,
				F0385ABA1F5943500053F2F7 /* LaunchScreen.storyboard */,
				F0385ABD1F5943500053F2F7 /* Info.plist */,
				F0385AAC1F5943500053F2F7 /* Supporting Files */,
			);
			path = "导航控制器动画";
			sourceTree = "<group>";
		};
		F0385AAC1F5943500053F2F7 /* Supporting Files */ = {
			isa = PBXGroup;
			children = (
				F0385AAD1F5943500053F2F7 /* main.m */,
			);
			name = "Supporting Files";
			sourceTree = "<group>";
		};
		F0385AC51F5943500053F2F7 /* 导航控制器动画Tests */ = {
			isa = PBXGroup;
			children = (
				F0385AC61F5943500053F2F7 /* _______Tests.m */,
				F0385AC81F5943500053F2F7 /* Info.plist */,
			);
			path = "导航控制器动画Tests";
			sourceTree = "<group>";
		};
		F0385AD01F5943500053F2F7 /* 导航控制器动画UITests */ = {
			isa = PBXGroup;
			children = (
				F0385AD11F5943500053F2F7 /* _______UITests.m */,
				F0385AD31F5943500053F2F7 /* Info.plist */,
			);
			path = "导航控制器动画UITests";
			sourceTree = "<group>";
		};
		F0385AE51F5944D00053F2F7 /* image */ = {
			isa = PBXGroup;
			children = (
				F0385AE61F5944D00053F2F7 /* 1.jpg */,
				F0385AE71F5944D00053F2F7 /* 10.jpg */,
				F0385AE81F5944D00053F2F7 /* 11.jpeg */,
				F0385AE91F5944D00053F2F7 /* 2.jpg */,
				F0385AEA1F5944D00053F2F7 /* 3.jpg */,
				F0385AEB1F5944D00053F2F7 /* 4.jpg */,
				F0385AEC1F5944D00053F2F7 /* 5.jpg */,
				F0385AED1F5944D00053F2F7 /* 6.jpg */,
				F0385AEE1F5944D00053F2F7 /* 7.jpg */,
				F0385AEF1F5944D00053F2F7 /* 8.jpg */,
				F0385AF01F5944D00053F2F7 /* 9.jpg */,
			);
			path = image;
			sourceTree = "<group>";
		};
/* End PBXGroup section */

/* Begin PBXNativeTarget section */
		F0385AA81F5943500053F2F7 /* 导航控制器动画 */ = {
			isa = PBXNativeTarget;
			buildConfigurationList = F0385AD61F5943500053F2F7 /* Build configuration list for PBXNativeTarget "导航控制器动画" */;
			buildPhases = (
				F0385AA51F5943500053F2F7 /* Sources */,
				F0385AA61F5943500053F2F7 /* Frameworks */,
				F0385AA71F5943500053F2F7 /* Resources */,
			);
			buildRules = (
			);
			dependencies = (
			);
			name = "导航控制器动画";
			productName = "导航控制器动画";
			productReference = F0385AA91F5943500053F2F7 /* 导航控制器动画.app */;
			productType = "com.apple.product-type.application";
		};
		F0385AC11F5943500053F2F7 /* 导航控制器动画Tests */ = {
			isa = PBXNativeTarget;
			buildConfigurationList = F0385AD91F5943500053F2F7 /* Build configuration list for PBXNativeTarget "导航控制器动画Tests" */;
			buildPhases = (
				F0385ABE1F5943500053F2F7 /* Sources */,
				F0385ABF1F5943500053F2F7 /* Frameworks */,
				F0385AC01F5943500053F2F7 /* Resources */,
			);
			buildRules = (
			);
			dependencies = (
				F0385AC41F5943500053F2F7 /* PBXTargetDependency */,
			);
			name = "导航控制器动画Tests";
			productName = "导航控制器动画Tests";
			productReference = F0385AC21F5943500053F2F7 /* 导航控制器动画Tests.xctest */;
			productType = "com.apple.product-type.bundle.unit-test";
		};
		F0385ACC1F5943500053F2F7 /* 导航控制器动画UITests */ = {
			isa = PBXNativeTarget;
			buildConfigurationList = F0385ADC1F5943500053F2F7 /* Build configuration list for PBXNativeTarget "导航控制器动画UITests" */;
			buildPhases = (
				F0385AC91F5943500053F2F7 /* Sources */,
				F0385ACA1F5943500053F2F7 /* Frameworks */,
				F0385ACB1F5943500053F2F7 /* Resources */,
			);
			buildRules = (
			);
			dependencies = (
				F0385ACF1F5943500053F2F7 /* PBXTargetDependency */,
			);
			name = "导航控制器动画UITests";
			productName = "导航控制器动画UITests";
			productReference = F0385ACD1F5943500053F2F7 /* 导航控制器动画UITests.xctest */;
			productType = "com.apple.product-type.bundle.ui-testing";
		};
/* End PBXNativeTarget section */

/* Begin PBXProject section */
		F0385AA11F5943500053F2F7 /* Project object */ = {
			isa = PBXProject;
			attributes = {
				LastUpgradeCheck = 0830;
				ORGANIZATIONNAME = "zh dk";
				TargetAttributes = {
					F0385AA81F5943500053F2F7 = {
						CreatedOnToolsVersion = 8.3.3;
						ProvisioningStyle = Automatic;
					};
					F0385AC11F5943500053F2F7 = {
						CreatedOnToolsVersion = 8.3.3;
						ProvisioningStyle = Automatic;
						TestTargetID = F0385AA81F5943500053F2F7;
					};
					F0385ACC1F5943500053F2F7 = {
						CreatedOnToolsVersion = 8.3.3;
						ProvisioningStyle = Automatic;
						TestTargetID = F0385AA81F5943500053F2F7;
					};
				};
			};
			buildConfigurationList = F0385AA41F5943500053F2F7 /* Build configuration list for PBXProject "导航控制器动画" */;
			compatibilityVersion = "Xcode 3.2";
			developmentRegion = English;
			hasScannedForEncodings = 0;
			knownRegions = (
				en,
				Base,
			);
			mainGroup = F0385AA01F5943500053F2F7;
			productRefGroup = F0385AAA1F5943500053F2F7 /* Products */;
			projectDirPath = "";
			projectRoot = "";
			targets = (
				F0385AA81F5943500053F2F7 /* 导航控制器动画 */,
				F0385AC11F5943500053F2F7 /* 导航控制器动画Tests */,
				F0385ACC1F5943500053F2F7 /* 导航控制器动画UITests */,
			);
		};
/* End PBXProject section */

/* Begin PBXResourcesBuildPhase section */
		F0385AA71F5943500053F2F7 /* Resources */ = {
			isa = PBXResourcesBuildPhase;
			buildActionMask = 2147483647;
			files = (
				F0385AF81F5944D00053F2F7 /* 6.jpg in Resources */,
				F0385AF21F5944D00053F2F7 /* 10.jpg in Resources */,
				F0385AF71F5944D00053F2F7 /* 5.jpg in Resources */,
				F0385AF91F5944D00053F2F7 /* 7.jpg in Resources */,
				F0385ABC1F5943500053F2F7 /* LaunchScreen.storyboard in Resources */,
				F0385AFA1F5944D00053F2F7 /* 8.jpg in Resources */,
				F0385AF41F5944D00053F2F7 /* 2.jpg in Resources */,
				F0385AF11F5944D00053F2F7 /* 1.jpg in Resources */,
				F0385AF31F5944D00053F2F7 /* 11.jpeg in Resources */,
				F0385AFB1F5944D00053F2F7 /* 9.jpg in Resources */,
				F0385AB91F5943500053F2F7 /* Assets.xcassets in Resources */,
				F0385AF61F5944D00053F2F7 /* 4.jpg in Resources */,
				F0385AB71F5943500053F2F7 /* Main.storyboard in Resources */,
				F0385AF51F5944D00053F2F7 /* 3.jpg in Resources */,
			);
			runOnlyForDeploymentPostprocessing = 0;
		};
		F0385AC01F5943500053F2F7 /* Resources */ = {
			isa = PBXResourcesBuildPhase;
			buildActionMask = 2147483647;
			files = (
			);
			runOnlyForDeploymentPostprocessing = 0;
		};
		F0385ACB1F5943500053F2F7 /* Resources */ = {
			isa = PBXResourcesBuildPhase;
			buildActionMask = 2147483647;
			files = (
			);
			runOnlyForDeploymentPostprocessing = 0;
		};
/* End PBXResourcesBuildPhase section */

/* Begin PBXSourcesBuildPhase section */
		F0385AA51F5943500053F2F7 /* Sources */ = {
			isa = PBXSourcesBuildPhase;
			buildActionMask = 2147483647;
			files = (
				F0385AE41F5943ED0053F2F7 /* VCSecond.m in Sources */,
				F0385AB41F5943500053F2F7 /* ViewController.m in Sources */,
				F0385AE11F5943D30053F2F7 /* VCFirst.m in Sources */,
				F0385AB11F5943500053F2F7 /* AppDelegate.m in Sources */,
				F0385AAE1F5943500053F2F7 /* main.m in Sources */,
			);
			runOnlyForDeploymentPostprocessing = 0;
		};
		F0385ABE1F5943500053F2F7 /* Sources */ = {
			isa = PBXSourcesBuildPhase;
			buildActionMask = 2147483647;
			files = (
				F0385AC71F5943500053F2F7 /* _______Tests.m in Sources */,
			);
			runOnlyForDeploymentPostprocessing = 0;
		};
		F0385AC91F5943500053F2F7 /* Sources */ = {
			isa = PBXSourcesBuildPhase;
			buildActionMask = 2147483647;
			files = (
				F0385AD21F5943500053F2F7 /* _______UITests.m in Sources */,
			);
			runOnlyForDeploymentPostprocessing = 0;
		};
/* End PBXSourcesBuildPhase section */

/* Begin PBXTargetDependency section */
		F0385AC41F5943500053F2F7 /* PBXTargetDependency */ = {
			isa = PBXTargetDependency;
			target = F0385AA81F5943500053F2F7 /* 导航控制器动画 */;
			targetProxy = F0385AC31F5943500053F2F7 /* PBXContainerItemProxy */;
		};
		F0385ACF1F5943500053F2F7 /* PBXTargetDependency */ = {
			isa = PBXTargetDependency;
			target = F0385AA81F5943500053F2F7 /* 导航控制器动画 */;
			targetProxy = F0385ACE1F5943500053F2F7 /* PBXContainerItemProxy */;
		};
/* End PBXTargetDependency section */

/* Begin PBXVariantGroup section */
		F0385AB51F5943500053F2F7 /* Main.storyboard */ = {
			isa = PBXVariantGroup;
			children = (
				F0385AB61F5943500053F2F7 /* Base */,
			);
			name = Main.storyboard;
			sourceTree = "<group>";
		};
		F0385ABA1F5943500053F2F7 /* LaunchScreen.storyboard */ = {
			isa = PBXVariantGroup;
			children = (
				F0385ABB1F5943500053F2F7 /* Base */,
			);
			name = LaunchScreen.storyboard;
			sourceTree = "<group>";
		};
/* End PBXVariantGroup section */

/* Begin XCBuildConfiguration section */
		F0385AD41F5943500053F2F7 /* Debug */ = {
			isa = XCBuildConfiguration;
			buildSettings = {
				ALWAYS_SEARCH_USER_PATHS = NO;
				CLANG_ANALYZER_NONNULL = YES;
				CLANG_ANALYZER_NUMBER_OBJECT_CONVERSION = YES_AGGRESSIVE;
				CLANG_CXX_LANGUAGE_STANDARD = "gnu++0x";
				CLANG_CXX_LIBRARY = "libc++";
				CLANG_ENABLE_MODULES = YES;
				CLANG_ENABLE_OBJC_ARC = YES;
				CLANG_WARN_BOOL_CONVERSION = YES;
				CLANG_WARN_CONSTANT_CONVERSION = YES;
				CLANG_WARN_DIRECT_OBJC_ISA_USAGE = YES_ERROR;
				CLANG_WARN_DOCUMENTATION_COMMENTS = YES;
				CLANG_WARN_EMPTY_BODY = YES;
				CLANG_WARN_ENUM_CONVERSION = YES;
				CLANG_WARN_INFINITE_RECURSION = YES;
				CLANG_WARN_INT_CONVERSION = YES;
				CLANG_WARN_OBJC_ROOT_CLASS = YES_ERROR;
				CLANG_WARN_SUSPICIOUS_MOVE = YES;
				CLANG_WARN_UNREACHABLE_CODE = YES;
				CLANG_WARN__DUPLICATE_METHOD_MATCH = YES;
				"CODE_SIGN_IDENTITY[sdk=iphoneos*]" = "iPhone Developer";
				COPY_PHASE_STRIP = NO;
				DEBUG_INFORMATION_FORMAT = dwarf;
				ENABLE_STRICT_OBJC_MSGSEND = YES;
				ENABLE_TESTABILITY = YES;
				GCC_C_LANGUAGE_STANDARD = gnu99;
				GCC_DYNAMIC_NO_PIC = NO;
				GCC_NO_COMMON_BLOCKS = YES;
				GCC_OPTIMIZATION_LEVEL = 0;
				GCC_PREPROCESSOR_DEFINITIONS = (
					"DEBUG=1",
					"$(inherited)",
				);
				GCC_WARN_64_TO_32_BIT_CONVERSION = YES;
				GCC_WARN_ABOUT_RETURN_TYPE = YES_ERROR;
				GCC_WARN_UNDECLARED_SELECTOR = YES;
				GCC_WARN_UNINITIALIZED_AUTOS = YES_AGGRESSIVE;
				GCC_WARN_UNUSED_FUNCTION = YES;
				GCC_WARN_UNUSED_VARIABLE = YES;
				IPHONEOS_DEPLOYMENT_TARGET = 10.3;
				MTL_ENABLE_DEBUG_INFO = YES;
				ONLY_ACTIVE_ARCH = YES;
				SDKROOT = iphoneos;
			};
			name = Debug;
		};
		F0385AD51F5943500053F2F7 /* Release */ = {
			isa = XCBuildConfiguration;
			buildSettings = {
				ALWAYS_SEARCH_USER_PATHS = NO;
				CLANG_ANALYZER_NONNULL = YES;
				CLANG_ANALYZER_NUMBER_OBJECT_CONVERSION = YES_AGGRESSIVE;
				CLANG_CXX_LANGUAGE_STANDARD = "gnu++0x";
				CLANG_CXX_LIBRARY = "libc++";
				CLANG_ENABLE_MODULES = YES;
				CLANG_ENABLE_OBJC_ARC = YES;
				CLANG_WARN_BOOL_CONVERSION = YES;
				CLANG_WARN_CONSTANT_CONVERSION = YES;
				CLANG_WARN_DIRECT_OBJC_ISA_USAGE = YES_ERROR;
				CLANG_WARN_DOCUMENTATION_COMMENTS = YES;
				CLANG_WARN_EMPTY_BODY = YES;
				CLANG_WARN_ENUM_CONVERSION = YES;
				CLANG_WARN_INFINITE_RECURSION = YES;
				CLANG_WARN_INT_CONVERSION = YES;
				CLANG_WARN_OBJC_ROOT_CLASS = YES_ERROR;
				CLANG_WARN_SUSPICIOUS_MOVE = YES;
				CLANG_WARN_UNREACHABLE_CODE = YES;
				CLANG_WARN__DUPLICATE_METHOD_MATCH = YES;
				"CODE_SIGN_IDENTITY[sdk=iphoneos*]" = "iPhone Developer";
				COPY_PHASE_STRIP = NO;
				DEBUG_INFORMATION_FORMAT = "dwarf-with-dsym";
				ENABLE_NS_ASSERTIONS = NO;
				ENABLE_STRICT_OBJC_MSGSEND = YES;
				GCC_C_LANGUAGE_STANDARD = gnu99;
				GCC_NO_COMMON_BLOCKS = YES;
				GCC_WARN_64_TO_32_BIT_CONVERSION = YES;
				GCC_WARN_ABOUT_RETURN_TYPE = YES_ERROR;
				GCC_WARN_UNDECLARED_SELECTOR = YES;
				GCC_WARN_UNINITIALIZED_AUTOS = YES_AGGRESSIVE;
				GCC_WARN_UNUSED_FUNCTION = YES;
				GCC_WARN_UNUSED_VARIABLE = YES;
				IPHONEOS_DEPLOYMENT_TARGET = 10.3;
				MTL_ENABLE_DEBUG_INFO = NO;
				SDKROOT = iphoneos;
				VALIDATE_PRODUCT = YES;
			};
			name = Release;
		};
		F0385AD71F5943500053F2F7 /* Debug */ = {
			isa = XCBuildConfiguration;
			buildSettings = {
				ASSETCATALOG_COMPILER_APPICON_NAME = AppIcon;
				INFOPLIST_FILE = "导航控制器动画/Info.plist";
				LD_RUNPATH_SEARCH_PATHS = "$(inherited) @executable_path/Frameworks";
				PRODUCT_BUNDLE_IDENTIFIER = "zhdk.-------";
				PRODUCT_NAME = "$(TARGET_NAME)";
			};
			name = Debug;
		};
		F0385AD81F5943500053F2F7 /* Release */ = {
			isa = XCBuildConfiguration;
			buildSettings = {
				ASSETCATALOG_COMPILER_APPICON_NAME = AppIcon;
				INFOPLIST_FILE = "导航控制器动画/Info.plist";
				LD_RUNPATH_SEARCH_PATHS = "$(inherited) @executable_path/Frameworks";
				PRODUCT_BUNDLE_IDENTIFIER = "zhdk.-------";
				PRODUCT_NAME = "$(TARGET_NAME)";
			};
			name = Release;
		};
		F0385ADA1F5943500053F2F7 /* Debug */ = {
			isa = XCBuildConfiguration;
			buildSettings = {
				BUNDLE_LOADER = "$(TEST_HOST)";
				INFOPLIST_FILE = "导航控制器动画Tests/Info.plist";
				LD_RUNPATH_SEARCH_PATHS = "$(inherited) @executable_path/Frameworks @loader_path/Frameworks";
				PRODUCT_BUNDLE_IDENTIFIER = "zhdk.-------Tests";
				PRODUCT_NAME = "$(TARGET_NAME)";
				TEST_HOST = "$(BUILT_PRODUCTS_DIR)/导航控制器动画.app/导航控制器动画";
			};
			name = Debug;
		};
		F0385ADB1F5943500053F2F7 /* Release */ = {
			isa = XCBuildConfiguration;
			buildSettings = {
				BUNDLE_LOADER = "$(TEST_HOST)";
				INFOPLIST_FILE = "导航控制器动画Tests/Info.plist";
				LD_RUNPATH_SEARCH_PATHS = "$(inherited) @executable_path/Frameworks @loader_path/Frameworks";
				PRODUCT_BUNDLE_IDENTIFIER = "zhdk.-------Tests";
				PRODUCT_NAME = "$(TARGET_NAME)";
				TEST_HOST = "$(BUILT_PRODUCTS_DIR)/导航控制器动画.app/导航控制器动画";
			};
			name = Release;
		};
		F0385ADD1F5943500053F2F7 /* Debug */ = {
			isa = XCBuildConfiguration;
			buildSettings = {
				INFOPLIST_FILE = "导航控制器动画UITests/Info.plist";
				LD_RUNPATH_SEARCH_PATHS = "$(inherited) @executable_path/Frameworks @loader_path/Frameworks";
				PRODUCT_BUNDLE_IDENTIFIER = "zhdk.-------UITests";
				PRODUCT_NAME = "$(TARGET_NAME)";
				TEST_TARGET_NAME = "导航控制器动画";
			};
			name = Debug;
		};
		F0385ADE1F5943500053F2F7 /* Release */ = {
			isa = XCBuildConfiguration;
			buildSettings = {
				INFOPLIST_FILE = "导航控制器动画UITests/Info.plist";
				LD_RUNPATH_SEARCH_PATHS = "$(inherited) @executable_path/Frameworks @loader_path/Frameworks";
				PRODUCT_BUNDLE_IDENTIFIER = "zhdk.-------UITests";
				PRODUCT_NAME = "$(TARGET_NAME)";
				TEST_TARGET_NAME = "导航控制器动画";
			};
			name = Release;
		};
/* End XCBuildConfiguration section */

/* Begin XCConfigurationList section */
		F0385AA41F5943500053F2F7 /* Build configuration list for PBXProject "导航控制器动画" */ = {
			isa = XCConfigurationList;
			buildConfigurations = (
				F0385AD41F5943500053F2F7 /* Debug */,
				F0385AD51F5943500053F2F7 /* Release */,
			);
			defaultConfigurationIsVisible = 0;
			defaultConfigurationName = Release;
		};
		F0385AD61F5943500053F2F7 /* Build configuration list for PBXNativeTarget "导航控制器动画" */ = {
			isa = XCConfigurationList;
			buildConfigurations = (
				F0385AD71F5943500053F2F7 /* Debug */,
				F0385AD81F5943500053F2F7 /* Release */,
			);
			defaultConfigurationIsVisible = 0;
		};
		F0385AD91F5943500053F2F7 /* Build configuration list for PBXNativeTarget "导航控制器动画Tests" */ = {
			isa = XCConfigurationList;
			buildConfigurations = (
				F0385ADA1F5943500053F2F7 /* Debug */,
				F0385ADB1F5943500053F2F7 /* Release */,
			);
			defaultConfigurationIsVisible = 0;
		};
		F0385ADC1F5943500053F2F7 /* Build configuration list for PBXNativeTarget "导航控制器动画UITests" */ = {
			isa = XCConfigurationList;
			buildConfigurations = (
				F0385ADD1F5943500053F2F7 /* Debug */,
				F0385ADE1F5943500053F2F7 /* Release */,
			);
			defaultConfigurationIsVisible = 0;
		};
/* End XCConfigurationList section */
	};
	rootObject = F0385AA11F5943500053F2F7 /* Project object */;
}
